
Microsoft Visual Studio Solution File, Format Version 12.00
# Visual Studio Version 17
VisualStudioVersion = 17.2.32516.85
MinimumVisualStudioVersion = 10.0.40219.1
Project("{9A19103F-16F7-4668-BE54-9A1E7A4F7556}") = "Back-End", "Back-End\Back-End.csproj", "{2DCA539B-8AF7-4FCE-AAE5-6C004C87B86C}"
EndProject
Project("{9A19103F-16F7-4668-BE54-9A1E7A4F7556}") = "Contracts", "Contracts\Contracts.csproj", "{259D7A25-8448-4577-8EAC-10A26EC4A069}"
EndProject
Project("{9A19103F-16F7-4668-BE54-9A1E7A4F7556}") = "Entities", "Entities\Entities.csproj", "{11FE50FE-99B9-406A-91E8-8023E87B7236}"
EndProject
Project("{9A19103F-16F7-4668-BE54-9A1E7A4F7556}") = "Repository", "Repository\Repository.csproj", "{D38AAEEF-886D-4019-8FEB-87F297170CEA}"
EndProject
Project("{9A19103F-16F7-4668-BE54-9A1E7A4F7556}") = "LoggerService", "LoggerService\LoggerService.csproj", "{BCF333BD-D78E-46B3-B5CD-76B80013614F}"
EndProject
Global
	GlobalSection(SolutionConfigurationPlatforms) = preSolution
		Debug|Any CPU = Debug|Any CPU
		Release|Any CPU = Release|Any CPU
	EndGlobalSection
	GlobalSection(ProjectConfigurationPlatforms) = postSolution
		{2DCA539B-8AF7-4FCE-AAE5-6C004C87B86C}.Debug|Any CPU.ActiveCfg = Debug|Any CPU
		{2DCA539B-8AF7-4FCE-AAE5-6C004C87B86C}.Debug|Any CPU.Build.0 = Debug|Any CPU
		{2DCA539B-8AF7-4FCE-AAE5-6C004C87B86C}.Release|Any CPU.ActiveCfg = Release|Any CPU
		{2DCA539B-8AF7-4FCE-AAE5-6C004C87B86C}.Release|Any CPU.Build.0 = Release|Any CPU
		{259D7A25-8448-4577-8EAC-10A26EC4A069}.Debug|Any CPU.ActiveCfg = Debug|Any CPU
		{259D7A25-8448-4577-8EAC-10A26EC4A069}.Debug|Any CPU.Build.0 = Debug|Any CPU
		{259D7A25-8448-4577-8EAC-10A26EC4A069}.Release|Any CPU.ActiveCfg = Release|Any CPU
		{259D7A25-8448-4577-8EAC-10A26EC4A069}.Release|Any CPU.Build.0 = Release|Any CPU
		{11FE50FE-99B9-406A-91E8-8023E87B7236}.Debug|Any CPU.ActiveCfg = Debug|Any CPU
		{11FE50FE-99B9-406A-91E8-8023E87B7236}.Debug|Any CPU.Build.0 = Debug|Any CPU
		{11FE50FE-99B9-406A-91E8-8023E87B7236}.Release|Any CPU.ActiveCfg = Release|Any CPU
		{11FE50FE-99B9-406A-91E8-8023E87B7236}.Release|Any CPU.Build.0 = Release|Any CPU
		{D38AAEEF-886D-4019-8FEB-87F297170CEA}.Debug|Any CPU.ActiveCfg = Debug|Any CPU
		{D38AAEEF-886D-4019-8FEB-87F297170CEA}.Debug|Any CPU.Build.0 = Debug|Any CPU
		{D38AAEEF-886D-4019-8FEB-87F297170CEA}.Release|Any CPU.ActiveCfg = Release|Any CPU
		{D38AAEEF-886D-4019-8FEB-87F297170CEA}.Release|Any CPU.Build.0 = Release|Any CPU
		{BCF333BD-D78E-46B3-B5CD-76B80013614F}.Debug|Any CPU.ActiveCfg = Debug|Any CPU
		{BCF333BD-D78E-46B3-B5CD-76B80013614F}.Debug|Any CPU.Build.0 = Debug|Any CPU
		{BCF333BD-D78E-46B3-B5CD-76B80013614F}.Release|Any CPU.ActiveCfg = Release|Any CPU
		{BCF333BD-D78E-46B3-B5CD-76B80013614F}.Release|Any CPU.Build.0 = Release|Any CPU
	EndGlobalSection
	GlobalSection(SolutionProperties) = preSolution
		HideSolutionNode = FALSE
	EndGlobalSection
	GlobalSection(ExtensibilityGlobals) = postSolution
		SolutionGuid = {D0B1825F-BE6D-4116-A45D-7801EF1292AB}
	EndGlobalSection
EndGlobal
